
Microsoft Visual Studio Solution File, Format Version 12.00
# Visual Studio Version 16
VisualStudioVersion = 16.0.30011.22
MinimumVisualStudioVersion = 10.0.40219.1
Project("{9A19103F-16F7-4668-BE54-9A1E7A4F7556}") = "Infra", "Infra\Infra.csproj", "{297BDD4C-5B82-4A52-ACF0-2978E609B86E}"
EndProject
Project("{9A19103F-16F7-4668-BE54-9A1E7A4F7556}") = "WebApi", "WebApi\WebApi.csproj", "{DDFFFF7B-AF17-4F5E-8B14-2014BF0832C3}"
EndProject
Project("{FAE04EC0-301F-11D3-BF4B-00C04F79EFBC}") = "Domain", "Domain\Domain.csproj", "{640FB56D-0DF1-4CE9-9285-3700DC532F7A}"
EndProject
Project("{FAE04EC0-301F-11D3-BF4B-00C04F79EFBC}") = "Tests", "Tests\Tests.csproj", "{7E0F8CAA-7718-47E7-81FC-45D8C6C7C41B}"
EndProject
Global
	GlobalSection(SolutionConfigurationPlatforms) = preSolution
		Debug|Any CPU = Debug|Any CPU
		Release|Any CPU = Release|Any CPU
	EndGlobalSection
	GlobalSection(ProjectConfigurationPlatforms) = postSolution
		{297BDD4C-5B82-4A52-ACF0-2978E609B86E}.Debug|Any CPU.ActiveCfg = Debug|Any CPU
		{297BDD4C-5B82-4A52-ACF0-2978E609B86E}.Debug|Any CPU.Build.0 = Debug|Any CPU
		{297BDD4C-5B82-4A52-ACF0-2978E609B86E}.Release|Any CPU.ActiveCfg = Release|Any CPU
		{297BDD4C-5B82-4A52-ACF0-2978E609B86E}.Release|Any CPU.Build.0 = Release|Any CPU
		{DDFFFF7B-AF17-4F5E-8B14-2014BF0832C3}.Debug|Any CPU.ActiveCfg = Debug|Any CPU
		{DDFFFF7B-AF17-4F5E-8B14-2014BF0832C3}.Debug|Any CPU.Build.0 = Debug|Any CPU
		{DDFFFF7B-AF17-4F5E-8B14-2014BF0832C3}.Release|Any CPU.ActiveCfg = Release|Any CPU
		{DDFFFF7B-AF17-4F5E-8B14-2014BF0832C3}.Release|Any CPU.Build.0 = Release|Any CPU
		{640FB56D-0DF1-4CE9-9285-3700DC532F7A}.Debug|Any CPU.ActiveCfg = Debug|Any CPU
		{640FB56D-0DF1-4CE9-9285-3700DC532F7A}.Debug|Any CPU.Build.0 = Debug|Any CPU
		{640FB56D-0DF1-4CE9-9285-3700DC532F7A}.Release|Any CPU.ActiveCfg = Release|Any CPU
		{640FB56D-0DF1-4CE9-9285-3700DC532F7A}.Release|Any CPU.Build.0 = Release|Any CPU
		{7E0F8CAA-7718-47E7-81FC-45D8C6C7C41B}.Debug|Any CPU.ActiveCfg = Debug|Any CPU
		{7E0F8CAA-7718-47E7-81FC-45D8C6C7C41B}.Debug|Any CPU.Build.0 = Debug|Any CPU
		{7E0F8CAA-7718-47E7-81FC-45D8C6C7C41B}.Release|Any CPU.ActiveCfg = Release|Any CPU
		{7E0F8CAA-7718-47E7-81FC-45D8C6C7C41B}.Release|Any CPU.Build.0 = Release|Any CPU
	EndGlobalSection
	GlobalSection(SolutionProperties) = preSolution
		HideSolutionNode = FALSE
	EndGlobalSection
	GlobalSection(ExtensibilityGlobals) = postSolution
		SolutionGuid = {E3D4FC0F-0B2D-49C7-844F-6433BD6DE0F2}
	EndGlobalSection
EndGlobal
